
Microsoft Visual Studio Solution File, Format Version 12.00
# Visual Studio 2013
VisualStudioVersion = 12.0.31101.0
MinimumVisualStudioVersion = 10.0.40219.1
Project("{FAE04EC0-301F-11D3-BF4B-00C04F79EFBC}") = "Alman.Web", "Alman.Web\Alman.Web.csproj", "{108016EE-89CC-49C7-BFCF-36363D197711}"
EndProject
Project("{FAE04EC0-301F-11D3-BF4B-00C04F79EFBC}") = "Alman.Web.Tests", "Alman.Web.Tests\Alman.Web.Tests.csproj", "{B7DB4320-D08E-4FC6-BE8C-3BB9DD5FDA4E}"
EndProject
Project("{2150E333-8FDC-42A3-9474-1A3956D46DE8}") = "PublishScripts", "PublishScripts", "{6CDB2770-F83C-47C4-B563-DABA36A6201B}"
	ProjectSection(SolutionItems) = preProject
		PublishScripts\AzureWebsitePublishModule.psm1 = PublishScripts\AzureWebsitePublishModule.psm1
		PublishScripts\Publish-WebApplicationWebsite.ps1 = PublishScripts\Publish-WebApplicationWebsite.ps1
	EndProjectSection
EndProject
Project("{2150E333-8FDC-42A3-9474-1A3956D46DE8}") = "Configurations", "Configurations", "{C4F07ED8-5DA9-4983-B8F3-B2052885CBC1}"
	ProjectSection(SolutionItems) = preProject
		PublishScripts\Configurations\AlmanWeb-WAWS-dev.json = PublishScripts\Configurations\AlmanWeb-WAWS-dev.json
	EndProjectSection
EndProject
Project("{FAE04EC0-301F-11D3-BF4B-00C04F79EFBC}") = "Alman.Fx", "Alman.Fx\Alman.Fx.csproj", "{206426B1-EF6E-4DB9-90B7-6028B9860CCD}"
EndProject
Project("{FAE04EC0-301F-11D3-BF4B-00C04F79EFBC}") = "Alman.Domain", "Alman.Domain\Alman.Domain.csproj", "{8B59237C-C3AC-42DA-9BBA-674E464B501D}"
EndProject
Project("{FAE04EC0-301F-11D3-BF4B-00C04F79EFBC}") = "Alman.Data", "Alman.Data\Alman.Data.csproj", "{60963AE2-92A8-468C-AAC8-B85BC08893AF}"
EndProject
Project("{FAE04EC0-301F-11D3-BF4B-00C04F79EFBC}") = "Alman.Database", "Alman.Database\Alman.Database.csproj", "{365F089F-504A-47F5-A9DD-62ED4F768658}"
EndProject
Global
	GlobalSection(SolutionConfigurationPlatforms) = preSolution
		Debug|Any CPU = Debug|Any CPU
		Release|Any CPU = Release|Any CPU
	EndGlobalSection
	GlobalSection(ProjectConfigurationPlatforms) = postSolution
		{108016EE-89CC-49C7-BFCF-36363D197711}.Debug|Any CPU.ActiveCfg = Debug|Any CPU
		{108016EE-89CC-49C7-BFCF-36363D197711}.Debug|Any CPU.Build.0 = Debug|Any CPU
		{108016EE-89CC-49C7-BFCF-36363D197711}.Release|Any CPU.ActiveCfg = Release|Any CPU
		{108016EE-89CC-49C7-BFCF-36363D197711}.Release|Any CPU.Build.0 = Release|Any CPU
		{B7DB4320-D08E-4FC6-BE8C-3BB9DD5FDA4E}.Debug|Any CPU.ActiveCfg = Debug|Any CPU
		{B7DB4320-D08E-4FC6-BE8C-3BB9DD5FDA4E}.Debug|Any CPU.Build.0 = Debug|Any CPU
		{B7DB4320-D08E-4FC6-BE8C-3BB9DD5FDA4E}.Release|Any CPU.ActiveCfg = Release|Any CPU
		{B7DB4320-D08E-4FC6-BE8C-3BB9DD5FDA4E}.Release|Any CPU.Build.0 = Release|Any CPU
		{206426B1-EF6E-4DB9-90B7-6028B9860CCD}.Debug|Any CPU.ActiveCfg = Debug|Any CPU
		{206426B1-EF6E-4DB9-90B7-6028B9860CCD}.Debug|Any CPU.Build.0 = Debug|Any CPU
		{206426B1-EF6E-4DB9-90B7-6028B9860CCD}.Release|Any CPU.ActiveCfg = Release|Any CPU
		{206426B1-EF6E-4DB9-90B7-6028B9860CCD}.Release|Any CPU.Build.0 = Release|Any CPU
		{8B59237C-C3AC-42DA-9BBA-674E464B501D}.Debug|Any CPU.ActiveCfg = Debug|Any CPU
		{8B59237C-C3AC-42DA-9BBA-674E464B501D}.Debug|Any CPU.Build.0 = Debug|Any CPU
		{8B59237C-C3AC-42DA-9BBA-674E464B501D}.Release|Any CPU.ActiveCfg = Release|Any CPU
		{8B59237C-C3AC-42DA-9BBA-674E464B501D}.Release|Any CPU.Build.0 = Release|Any CPU
		{60963AE2-92A8-468C-AAC8-B85BC08893AF}.Debug|Any CPU.ActiveCfg = Debug|Any CPU
		{60963AE2-92A8-468C-AAC8-B85BC08893AF}.Debug|Any CPU.Build.0 = Debug|Any CPU
		{60963AE2-92A8-468C-AAC8-B85BC08893AF}.Release|Any CPU.ActiveCfg = Release|Any CPU
		{60963AE2-92A8-468C-AAC8-B85BC08893AF}.Release|Any CPU.Build.0 = Release|Any CPU
		{365F089F-504A-47F5-A9DD-62ED4F768658}.Debug|Any CPU.ActiveCfg = Debug|Any CPU
		{365F089F-504A-47F5-A9DD-62ED4F768658}.Debug|Any CPU.Build.0 = Debug|Any CPU
		{365F089F-504A-47F5-A9DD-62ED4F768658}.Release|Any CPU.ActiveCfg = Release|Any CPU
		{365F089F-504A-47F5-A9DD-62ED4F768658}.Release|Any CPU.Build.0 = Release|Any CPU
	EndGlobalSection
	GlobalSection(SolutionProperties) = preSolution
		HideSolutionNode = FALSE
	EndGlobalSection
	GlobalSection(NestedProjects) = preSolution
		{C4F07ED8-5DA9-4983-B8F3-B2052885CBC1} = {6CDB2770-F83C-47C4-B563-DABA36A6201B}
	EndGlobalSection
EndGlobal
