
Microsoft Visual Studio Solution File, Format Version 12.00
# Visual Studio 2013
VisualStudioVersion = 12.0.31101.0
MinimumVisualStudioVersion = 10.0.40219.1
Project("{FAE04EC0-301F-11D3-BF4B-00C04F79EFBC}") = "Alman.Web", "Alman.Web\Alman.Web.csproj", "{108016EE-89CC-49C7-BFCF-36363D197711}"
EndProject
Project("{FAE04EC0-301F-11D3-BF4B-00C04F79EFBC}") = "Alman.Web.Tests", "Alman.Web.Tests\Alman.Web.Tests.csproj", "{B7DB4320-D08E-4FC6-BE8C-3BB9DD5FDA4E}"
EndProject
Project("{2150E333-8FDC-42A3-9474-1A3956D46DE8}") = "PublishScripts", "PublishScripts", "{6CDB2770-F83C-47C4-B563-DABA36A6201B}"
	ProjectSection(SolutionItems) = preProject
		PublishScripts\AzureWebsitePublishModule.psm1 = PublishScripts\AzureWebsitePublishModule.psm1
		PublishScripts\Publish-WebApplicationWebsite.ps1 = PublishScripts\Publish-WebApplicationWebsite.ps1
	EndProjectSection
EndProject
Project("{2150E333-8FDC-42A3-9474-1A3956D46DE8}") = "Configurations", "Configurations", "{C4F07ED8-5DA9-4983-B8F3-B2052885CBC1}"
	ProjectSection(SolutionItems) = preProject
		PublishScripts\Configurations\AlmanWeb-WAWS-dev.json = PublishScripts\Configurations\AlmanWeb-WAWS-dev.json
	EndProjectSection
EndProject
Global
	GlobalSection(SolutionConfigurationPlatforms) = preSolution
		Debug|Any CPU = Debug|Any CPU
		Release|Any CPU = Release|Any CPU
	EndGlobalSection
	GlobalSection(ProjectConfigurationPlatforms) = postSolution
		{108016EE-89CC-49C7-BFCF-36363D197711}.Debug|Any CPU.ActiveCfg = Debug|Any CPU
		{108016EE-89CC-49C7-BFCF-36363D197711}.Debug|Any CPU.Build.0 = Debug|Any CPU
		{108016EE-89CC-49C7-BFCF-36363D197711}.Release|Any CPU.ActiveCfg = Release|Any CPU
		{108016EE-89CC-49C7-BFCF-36363D197711}.Release|Any CPU.Build.0 = Release|Any CPU
		{B7DB4320-D08E-4FC6-BE8C-3BB9DD5FDA4E}.Debug|Any CPU.ActiveCfg = Debug|Any CPU
		{B7DB4320-D08E-4FC6-BE8C-3BB9DD5FDA4E}.Debug|Any CPU.Build.0 = Debug|Any CPU
		{B7DB4320-D08E-4FC6-BE8C-3BB9DD5FDA4E}.Release|Any CPU.ActiveCfg = Release|Any CPU
		{B7DB4320-D08E-4FC6-BE8C-3BB9DD5FDA4E}.Release|Any CPU.Build.0 = Release|Any CPU
	EndGlobalSection
	GlobalSection(SolutionProperties) = preSolution
		HideSolutionNode = FALSE
	EndGlobalSection
	GlobalSection(NestedProjects) = preSolution
		{C4F07ED8-5DA9-4983-B8F3-B2052885CBC1} = {6CDB2770-F83C-47C4-B563-DABA36A6201B}
	EndGlobalSection
EndGlobal
